
Microsoft Visual Studio Solution File, Format Version 12.00
# Visual Studio Version 16
VisualStudioVersion = 16.0.30002.166
MinimumVisualStudioVersion = 10.0.40219.1
Project("{FAE04EC0-301F-11D3-BF4B-00C04F79EFBC}") = "functions", "functions\functions.csproj", "{1A8243D5-B481-4057-A4FF-333E8DF9B879}"
EndProject
Global
	GlobalSection(SolutionConfigurationPlatforms) = preSolution
		Debug|Any CPU = Debug|Any CPU
		Release|Any CPU = Release|Any CPU
	EndGlobalSection
	GlobalSection(ProjectConfigurationPlatforms) = postSolution
		{1A8243D5-B481-4057-A4FF-333E8DF9B879}.Debug|Any CPU.ActiveCfg = Debug|Any CPU
		{1A8243D5-B481-4057-A4FF-333E8DF9B879}.Debug|Any CPU.Build.0 = Debug|Any CPU
		{1A8243D5-B481-4057-A4FF-333E8DF9B879}.Release|Any CPU.ActiveCfg = Release|Any CPU
		{1A8243D5-B481-4057-A4FF-333E8DF9B879}.Release|Any CPU.Build.0 = Release|Any CPU
	EndGlobalSection
	GlobalSection(SolutionProperties) = preSolution
		HideSolutionNode = FALSE
	EndGlobalSection
	GlobalSection(ExtensibilityGlobals) = postSolution
		SolutionGuid = {5629750B-A9B6-4FB3-984B-49801688A988}
	EndGlobalSection
EndGlobal
